
Microsoft Visual Studio Solution File, Format Version 12.00
# Visual Studio 15
VisualStudioVersion = 15.0.28307.852
MinimumVisualStudioVersion = 10.0.40219.1
Project("{FAE04EC0-301F-11D3-BF4B-00C04F79EFBC}") = "UserManagementApp", "UserManagementApp\UserManagementApp.csproj", "{B4908CE8-725C-4C62-A9AC-77DB7F877027}"
EndProject
Global
	GlobalSection(SolutionConfigurationPlatforms) = preSolution
		Debug|Any CPU = Debug|Any CPU
		Release|Any CPU = Release|Any CPU
	EndGlobalSection
	GlobalSection(ProjectConfigurationPlatforms) = postSolution
		{B4908CE8-725C-4C62-A9AC-77DB7F877027}.Debug|Any CPU.ActiveCfg = Debug|Any CPU
		{B4908CE8-725C-4C62-A9AC-77DB7F877027}.Debug|Any CPU.Build.0 = Debug|Any CPU
		{B4908CE8-725C-4C62-A9AC-77DB7F877027}.Release|Any CPU.ActiveCfg = Release|Any CPU
		{B4908CE8-725C-4C62-A9AC-77DB7F877027}.Release|Any CPU.Build.0 = Release|Any CPU
	EndGlobalSection
	GlobalSection(SolutionProperties) = preSolution
		HideSolutionNode = FALSE
	EndGlobalSection
	GlobalSection(ExtensibilityGlobals) = postSolution
		SolutionGuid = {FF617A9E-AE02-4CE7-A7FC-EC6C2E1F57FF}
	EndGlobalSection
EndGlobal
